github.com/cccteam/ccc/accesstypes v0.2.4 h1:/HzXNdopOUN+afwMmnO7caBn6TeZmYpsL4FSXRHP9Zo=
github.com/cccteam/ccc/accesstypes v0.2.4/go.mod h1:b/h5mdhoRGPB6q27wde4VTIMMYPT2MMOw4NqBEG7FZ8=
github.com/go-playground/errors/v5 v5.4.0 h1:BxBxwlRjuclYbRebE4ddrRrMK705lS2mHzHw7BDoDPA=
github.com/go-playground/errors/v5 v5.4.0/go.mod h1:6aVeVHsT36RNu/m/8AvGdPv8T2J/+KfVv6Su4VvBfpQ=
github.com/go-playground/pkg/v5 v5.21.3 h1:1IVy0eupI5kht6L6zaAqTEvjs00zLkG28ictNkoN1wE=
github.com/go-playground/pkg/v5 v5.21.3/go.mod h1:UgHNntEQnMJSygw2O2RQ3LAB0tprx81K90c/pOKh7cU=
